
Microsoft Visual Studio Solution File, Format Version 12.00
# Visual Studio 2012
Project("{FAE04EC0-301F-11D3-BF4B-00C04F79EFBC}") = "BaiTapNhom", "BaiTapNhom\BaiTapNhom.csproj", "{EB614B14-BB80-42CE-AED4-7E7DF5A078DD}"
EndProject
Global
	GlobalSection(SolutionConfigurationPlatforms) = preSolution
		Debug|Any CPU = Debug|Any CPU
		Release|Any CPU = Release|Any CPU
	EndGlobalSection
	GlobalSection(ProjectConfigurationPlatforms) = postSolution
		{EB614B14-BB80-42CE-AED4-7E7DF5A078DD}.Debug|Any CPU.ActiveCfg = Debug|Any CPU
		{EB614B14-BB80-42CE-AED4-7E7DF5A078DD}.Debug|Any CPU.Build.0 = Debug|Any CPU
		{EB614B14-BB80-42CE-AED4-7E7DF5A078DD}.Release|Any CPU.ActiveCfg = Release|Any CPU
		{EB614B14-BB80-42CE-AED4-7E7DF5A078DD}.Release|Any CPU.Build.0 = Release|Any CPU
	EndGlobalSection
	GlobalSection(SolutionProperties) = preSolution
		HideSolutionNode = FALSE
	EndGlobalSection
EndGlobal
